
Microsoft Visual Studio Solution File, Format Version 12.00
# Visual Studio 14
VisualStudioVersion = 14.0.25420.1
MinimumVisualStudioVersion = 10.0.40219.1
Project("{FAE04EC0-301F-11D3-BF4B-00C04F79EFBC}") = "KataBankOcrGenerator", "KataBankOcrGenerator\KataBankOcrGenerator.csproj", "{BE796F38-8C97-4A31-8CBC-84268D60B0FE}"
EndProject
Project("{FAE04EC0-301F-11D3-BF4B-00C04F79EFBC}") = "KataBankOcrGenerator.Tests", "KataBankOcrGenerator.Tests\KataBankOcrGenerator.Tests.csproj", "{087C7EFF-45E1-436E-B2BD-2507DBDB9BCC}"
EndProject
Global
	GlobalSection(SolutionConfigurationPlatforms) = preSolution
		Debug|Any CPU = Debug|Any CPU
		Release|Any CPU = Release|Any CPU
	EndGlobalSection
	GlobalSection(ProjectConfigurationPlatforms) = postSolution
		{BE796F38-8C97-4A31-8CBC-84268D60B0FE}.Debug|Any CPU.ActiveCfg = Debug|Any CPU
		{BE796F38-8C97-4A31-8CBC-84268D60B0FE}.Debug|Any CPU.Build.0 = Debug|Any CPU
		{BE796F38-8C97-4A31-8CBC-84268D60B0FE}.Release|Any CPU.ActiveCfg = Release|Any CPU
		{BE796F38-8C97-4A31-8CBC-84268D60B0FE}.Release|Any CPU.Build.0 = Release|Any CPU
		{087C7EFF-45E1-436E-B2BD-2507DBDB9BCC}.Debug|Any CPU.ActiveCfg = Debug|Any CPU
		{087C7EFF-45E1-436E-B2BD-2507DBDB9BCC}.Debug|Any CPU.Build.0 = Debug|Any CPU
		{087C7EFF-45E1-436E-B2BD-2507DBDB9BCC}.Release|Any CPU.ActiveCfg = Release|Any CPU
		{087C7EFF-45E1-436E-B2BD-2507DBDB9BCC}.Release|Any CPU.Build.0 = Release|Any CPU
	EndGlobalSection
	GlobalSection(SolutionProperties) = preSolution
		HideSolutionNode = FALSE
	EndGlobalSection
EndGlobal
